// !$*UTF8*$!
{
	archiveVersion = 1;
	classes = {
	};
	objectVersion = 50;
	objects = {

/* Begin PBXBuildFile section */
		5E690B4320CFBA8C008CA740 /* symptom.plist in Resources */ = {isa = PBXBuildFile; fileRef = 5E690B4120CFBA8C008CA740 /* symptom.plist */; };
		5E690B4420CFBA8C008CA740 /* XueDaoList.plist in Resources */ = {isa = PBXBuildFile; fileRef = 5E690B4220CFBA8C008CA740 /* XueDaoList.plist */; };
		5E690B4620CFC16E008CA740 /* SymptomListTableViewController.swift in Sources */ = {isa = PBXBuildFile; fileRef = 5E690B4520CFC16D008CA740 /* SymptomListTableViewController.swift */; };
		5E690B5620CFD215008CA740 /* all.jpg in Resources */ = {isa = PBXBuildFile; fileRef = 5E690B4820CFD215008CA740 /* all.jpg */; };
		5E690B5720CFD215008CA740 /* xd_08.jpg in Resources */ = {isa = PBXBuildFile; fileRef = 5E690B4920CFD215008CA740 /* xd_08.jpg */; };
		5E690B5820CFD215008CA740 /* xd_09.jpg in Resources */ = {isa = PBXBuildFile; fileRef = 5E690B4A20CFD215008CA740 /* xd_09.jpg */; };
		5E690B5920CFD215008CA740 /* xd_10.jpg in Resources */ = {isa = PBXBuildFile; fileRef = 5E690B4B20CFD215008CA740 /* xd_10.jpg */; };
		5E690B5A20CFD215008CA740 /* xd_04.jpg in Resources */ = {isa = PBXBuildFile; fileRef = 5E690B4C20CFD215008CA740 /* xd_04.jpg */; };
		5E690B5B20CFD215008CA740 /* xd_05.jpg in Resources */ = {isa = PBXBuildFile; fileRef = 5E690B4D20CFD215008CA740 /* xd_05.jpg */; };
		5E690B5C20CFD215008CA740 /* xd_11.jpg in Resources */ = {isa = PBXBuildFile; fileRef = 5E690B4E20CFD215008CA740 /* xd_11.jpg */; };
		5E690B5D20CFD215008CA740 /* xd_07.jpg in Resources */ = {isa = PBXBuildFile; fileRef = 5E690B4F20CFD215008CA740 /* xd_07.jpg */; };
		5E690B5E20CFD215008CA740 /* xd_13.jpg in Resources */ = {isa = PBXBuildFile; fileRef = 5E690B5020CFD215008CA740 /* xd_13.jpg */; };
		5E690B5F20CFD215008CA740 /* xd_12.jpg in Resources */ = {isa = PBXBuildFile; fileRef = 5E690B5120CFD215008CA740 /* xd_12.jpg */; };
		5E690B6020CFD215008CA740 /* xd_06.jpg in Resources */ = {isa = PBXBuildFile; fileRef = 5E690B5220CFD215008CA740 /* xd_06.jpg */; };
		5E690B6120CFD215008CA740 /* xd_02.jpg in Resources */ = {isa = PBXBuildFile; fileRef = 5E690B5320CFD215008CA740 /* xd_02.jpg */; };
		5E690B6220CFD215008CA740 /* xd_03.jpg in Resources */ = {isa = PBXBuildFile; fileRef = 5E690B5420CFD215008CA740 /* xd_03.jpg */; };
		5E690B6320CFD215008CA740 /* xd_01.jpg in Resources */ = {isa = PBXBuildFile; fileRef = 5E690B5520CFD215008CA740 /* xd_01.jpg */; };
		5E690B6520CFD569008CA740 /* AllXueDaoViewController.swift in Sources */ = {isa = PBXBuildFile; fileRef = 5E690B6420CFD569008CA740 /* AllXueDaoViewController.swift */; };
		5ED9D5C720CD218600786B8F /* AppDelegate.swift in Sources */ = {isa = PBXBuildFile; fileRef = 5ED9D5C620CD218600786B8F /* AppDelegate.swift */; };
		5ED9D5C920CD218600786B8F /* ViewController.swift in Sources */ = {isa = PBXBuildFile; fileRef = 5ED9D5C820CD218600786B8F /* ViewController.swift */; };
		5ED9D5CC20CD218600786B8F /* Main.storyboard in Resources */ = {isa = PBXBuildFile; fileRef = 5ED9D5CA20CD218600786B8F /* Main.storyboard */; };
		5ED9D5CE20CD218700786B8F /* Assets.xcassets in Resources */ = {isa = PBXBuildFile; fileRef = 5ED9D5CD20CD218700786B8F /* Assets.xcassets */; };
		5ED9D5D120CD218700786B8F /* LaunchScreen.storyboard in Resources */ = {isa = PBXBuildFile; fileRef = 5ED9D5CF20CD218700786B8F /* LaunchScreen.storyboard */; };
		5ED9D5D920CD234A00786B8F /* XueDaoListTableViewController.swift in Sources */ = {isa = PBXBuildFile; fileRef = 5ED9D5D820CD234A00786B8F /* XueDaoListTableViewController.swift */; };
		5ED9D5DD20CD2FFF00786B8F /* XueDaoDetailViewController.swift in Sources */ = {isa = PBXBuildFile; fileRef = 5ED9D5DC20CD2FFF00786B8F /* XueDaoDetailViewController.swift */; };
		5ED9D5E220CD3B1400786B8F /* FaceViewController.swift in Sources */ = {isa = PBXBuildFile; fileRef = 5ED9D5E120CD3B1400786B8F /* FaceViewController.swift */; };
/* End PBXBuildFile section */

/* Begin PBXFileReference section */
		5E690B4120CFBA8C008CA740 /* symptom.plist */ = {isa = PBXFileReference; fileEncoding = 4; lastKnownFileType = text.plist.xml; path = symptom.plist; sourceTree = "<group>"; };
		5E690B4220CFBA8C008CA740 /* XueDaoList.plist */ = {isa = PBXFileReference; fileEncoding = 4; lastKnownFileType = text.plist.xml; path = XueDaoList.plist; sourceTree = "<group>"; };
		5E690B4520CFC16D008CA740 /* SymptomListTableViewController.swift */ = {isa = PBXFileReference; fileEncoding = 4; lastKnownFileType = sourcecode.swift; path = SymptomListTableViewController.swift; sourceTree = "<group>"; };
		5E690B4820CFD215008CA740 /* all.jpg */ = {isa = PBXFileReference; lastKnownFileType = image.jpeg; path = all.jpg; sourceTree = "<group>"; };
		5E690B4920CFD215008CA740 /* xd_08.jpg */ = {isa = PBXFileReference; lastKnownFileType = image.jpeg; path = xd_08.jpg; sourceTree = "<group>"; };
		5E690B4A20CFD215008CA740 /* xd_09.jpg */ = {isa = PBXFileReference; lastKnownFileType = image.jpeg; path = xd_09.jpg; sourceTree = "<group>"; };
		5E690B4B20CFD215008CA740 /* xd_10.jpg */ = {isa = PBXFileReference; lastKnownFileType = image.jpeg; path = xd_10.jpg; sourceTree = "<group>"; };
		5E690B4C20CFD215008CA740 /* xd_04.jpg */ = {isa = PBXFileReference; lastKnownFileType = image.jpeg; path = xd_04.jpg; sourceTree = "<group>"; };
		5E690B4D20CFD215008CA740 /* xd_05.jpg */ = {isa = PBXFileReference; lastKnownFileType = image.jpeg; path = xd_05.jpg; sourceTree = "<group>"; };
		5E690B4E20CFD215008CA740 /* xd_11.jpg */ = {isa = PBXFileReference; lastKnownFileType = image.jpeg; path = xd_11.jpg; sourceTree = "<group>"; };
		5E690B4F20CFD215008CA740 /* xd_07.jpg */ = {isa = PBXFileReference; lastKnownFileType = image.jpeg; path = xd_07.jpg; sourceTree = "<group>"; };
		5E690B5020CFD215008CA740 /* xd_13.jpg */ = {isa = PBXFileReference; lastKnownFileType = image.jpeg; path = xd_13.jpg; sourceTree = "<group>"; };
		5E690B5120CFD215008CA740 /* xd_12.jpg */ = {isa = PBXFileReference; lastKnownFileType = image.jpeg; path = xd_12.jpg; sourceTree = "<group>"; };
		5E690B5220CFD215008CA740 /* xd_06.jpg */ = {isa = PBXFileReference; lastKnownFileType = image.jpeg; path = xd_06.jpg; sourceTree = "<group>"; };
		5E690B5320CFD215008CA740 /* xd_02.jpg */ = {isa = PBXFileReference; lastKnownFileType = image.jpeg; path = xd_02.jpg; sourceTree = "<group>"; };
		5E690B5420CFD215008CA740 /* xd_03.jpg */ = {isa = PBXFileReference; lastKnownFileType = image.jpeg; path = xd_03.jpg; sourceTree = "<group>"; };
		5E690B5520CFD215008CA740 /* xd_01.jpg */ = {isa = PBXFileReference; lastKnownFileType = image.jpeg; path = xd_01.jpg; sourceTree = "<group>"; };
		5E690B6420CFD569008CA740 /* AllXueDaoViewController.swift */ = {isa = PBXFileReference; fileEncoding = 4; lastKnownFileType = sourcecode.swift; path = AllXueDaoViewController.swift; sourceTree = "<group>"; };
		5ED9D5C320CD218600786B8F /* XueDaoCare.app */ = {isa = PBXFileReference; explicitFileType = wrapper.application; includeInIndex = 0; path = XueDaoCare.app; sourceTree = BUILT_PRODUCTS_DIR; };
		5ED9D5C620CD218600786B8F /* AppDelegate.swift */ = {isa = PBXFileReference; lastKnownFileType = sourcecode.swift; path = AppDelegate.swift; sourceTree = "<group>"; };
		5ED9D5C820CD218600786B8F /* ViewController.swift */ = {isa = PBXFileReference; lastKnownFileType = sourcecode.swift; path = ViewController.swift; sourceTree = "<group>"; };
		5ED9D5CB20CD218600786B8F /* Base */ = {isa = PBXFileReference; lastKnownFileType = file.storyboard; name = Base; path = Base.lproj/Main.storyboard; sourceTree = "<group>"; };
		5ED9D5CD20CD218700786B8F /* Assets.xcassets */ = {isa = PBXFileReference; lastKnownFileType = folder.assetcatalog; path = Assets.xcassets; sourceTree = "<group>"; };
		5ED9D5D020CD218700786B8F /* Base */ = {isa = PBXFileReference; lastKnownFileType = file.storyboard; name = Base; path = Base.lproj/LaunchScreen.storyboard; sourceTree = "<group>"; };
		5ED9D5D220CD218700786B8F /* Info.plist */ = {isa = PBXFileReference; lastKnownFileType = text.plist.xml; path = Info.plist; sourceTree = "<group>"; };
		5ED9D5D820CD234A00786B8F /* XueDaoListTableViewController.swift */ = {isa = PBXFileReference; lastKnownFileType = sourcecode.swift; path = XueDaoListTableViewController.swift; sourceTree = "<group>"; };
		5ED9D5DC20CD2FFF00786B8F /* XueDaoDetailViewController.swift */ = {isa = PBXFileReference; lastKnownFileType = sourcecode.swift; path = XueDaoDetailViewController.swift; sourceTree = "<group>"; };
		5ED9D5E120CD3B1400786B8F /* FaceViewController.swift */ = {isa = PBXFileReference; lastKnownFileType = sourcecode.swift; path = FaceViewController.swift; sourceTree = "<group>"; };
/* End PBXFileReference section */

/* Begin PBXFrameworksBuildPhase section */
		5ED9D5C020CD218600786B8F /* Frameworks */ = {
			isa = PBXFrameworksBuildPhase;
			buildActionMask = 2147483647;
			files = (
			);
			runOnlyForDeploymentPostprocessing = 0;
		};
/* End PBXFrameworksBuildPhase section */

/* Begin PBXGroup section */
		5E690B4020CFBA8C008CA740 /* data */ = {
			isa = PBXGroup;
			children = (
				5E690B4120CFBA8C008CA740 /* symptom.plist */,
				5E690B4220CFBA8C008CA740 /* XueDaoList.plist */,
			);
			path = data;
			sourceTree = SOURCE_ROOT;
		};
		5E690B4720CFD215008CA740 /* images */ = {
			isa = PBXGroup;
			children = (
				5E690B4820CFD215008CA740 /* all.jpg */,
				5E690B4920CFD215008CA740 /* xd_08.jpg */,
				5E690B4A20CFD215008CA740 /* xd_09.jpg */,
				5E690B4B20CFD215008CA740 /* xd_10.jpg */,
				5E690B4C20CFD215008CA740 /* xd_04.jpg */,
				5E690B4D20CFD215008CA740 /* xd_05.jpg */,
				5E690B4E20CFD215008CA740 /* xd_11.jpg */,
				5E690B4F20CFD215008CA740 /* xd_07.jpg */,
				5E690B5020CFD215008CA740 /* xd_13.jpg */,
				5E690B5120CFD215008CA740 /* xd_12.jpg */,
				5E690B5220CFD215008CA740 /* xd_06.jpg */,
				5E690B5320CFD215008CA740 /* xd_02.jpg */,
				5E690B5420CFD215008CA740 /* xd_03.jpg */,
				5E690B5520CFD215008CA740 /* xd_01.jpg */,
			);
			path = images;
			sourceTree = SOURCE_ROOT;
		};
		5ED9D5BA20CD218600786B8F = {
			isa = PBXGroup;
			children = (
				5ED9D5C520CD218600786B8F /* XueDaoCare */,
				5ED9D5C420CD218600786B8F /* Products */,
			);
			sourceTree = "<group>";
		};
		5ED9D5C420CD218600786B8F /* Products */ = {
			isa = PBXGroup;
			children = (
				5ED9D5C320CD218600786B8F /* XueDaoCare.app */,
			);
			name = Products;
			sourceTree = "<group>";
		};
		5ED9D5C520CD218600786B8F /* XueDaoCare */ = {
			isa = PBXGroup;
			children = (
				5E690B4720CFD215008CA740 /* images */,
				5E690B4020CFBA8C008CA740 /* data */,
				5ED9D5C620CD218600786B8F /* AppDelegate.swift */,
				5ED9D5C820CD218600786B8F /* ViewController.swift */,
				5ED9D5CA20CD218600786B8F /* Main.storyboard */,
				5ED9D5CD20CD218700786B8F /* Assets.xcassets */,
				5ED9D5CF20CD218700786B8F /* LaunchScreen.storyboard */,
				5ED9D5D220CD218700786B8F /* Info.plist */,
				5ED9D5D820CD234A00786B8F /* XueDaoListTableViewController.swift */,
				5E690B4520CFC16D008CA740 /* SymptomListTableViewController.swift */,
				5E690B6420CFD569008CA740 /* AllXueDaoViewController.swift */,
				5ED9D5DC20CD2FFF00786B8F /* XueDaoDetailViewController.swift */,
				5ED9D5E120CD3B1400786B8F /* FaceViewController.swift */,
			);
			path = XueDaoCare;
			sourceTree = "<group>";
		};
/* End PBXGroup section */

/* Begin PBXNativeTarget section */
		5ED9D5C220CD218600786B8F /* XueDaoCare */ = {
			isa = PBXNativeTarget;
			buildConfigurationList = 5ED9D5D520CD218700786B8F /* Build configuration list for PBXNativeTarget "XueDaoCare" */;
			buildPhases = (
				5ED9D5BF20CD218600786B8F /* Sources */,
				5ED9D5C020CD218600786B8F /* Frameworks */,
				5ED9D5C120CD218600786B8F /* Resources */,
			);
			buildRules = (
			);
			dependencies = (
			);
			name = XueDaoCare;
			productName = XueDaoCare;
			productReference = 5ED9D5C320CD218600786B8F /* XueDaoCare.app */;
			productType = "com.apple.product-type.application";
		};
/* End PBXNativeTarget section */

/* Begin PBXProject section */
		5ED9D5BB20CD218600786B8F /* Project object */ = {
			isa = PBXProject;
			attributes = {
				LastSwiftUpdateCheck = 0940;
				LastUpgradeCheck = 0940;
				ORGANIZATIONNAME = "Alexis Lin";
				TargetAttributes = {
					5ED9D5C220CD218600786B8F = {
						CreatedOnToolsVersion = 9.4;
					};
				};
			};
			buildConfigurationList = 5ED9D5BE20CD218600786B8F /* Build configuration list for PBXProject "XueDaoCare" */;
			compatibilityVersion = "Xcode 9.3";
			developmentRegion = en;
			hasScannedForEncodings = 0;
			knownRegions = (
				en,
				Base,
			);
			mainGroup = 5ED9D5BA20CD218600786B8F;
			productRefGroup = 5ED9D5C420CD218600786B8F /* Products */;
			projectDirPath = "";
			projectRoot = "";
			targets = (
				5ED9D5C220CD218600786B8F /* XueDaoCare */,
			);
		};
/* End PBXProject section */

/* Begin PBXResourcesBuildPhase section */
		5ED9D5C120CD218600786B8F /* Resources */ = {
			isa = PBXResourcesBuildPhase;
			buildActionMask = 2147483647;
			files = (
				5E690B5D20CFD215008CA740 /* xd_07.jpg in Resources */,
				5ED9D5D120CD218700786B8F /* LaunchScreen.storyboard in Resources */,
				5E690B6220CFD215008CA740 /* xd_03.jpg in Resources */,
				5E690B6120CFD215008CA740 /* xd_02.jpg in Resources */,
				5E690B5720CFD215008CA740 /* xd_08.jpg in Resources */,
				5E690B5E20CFD215008CA740 /* xd_13.jpg in Resources */,
				5E690B5920CFD215008CA740 /* xd_10.jpg in Resources */,
				5E690B4420CFBA8C008CA740 /* XueDaoList.plist in Resources */,
				5E690B4320CFBA8C008CA740 /* symptom.plist in Resources */,
				5E690B5C20CFD215008CA740 /* xd_11.jpg in Resources */,
				5E690B5F20CFD215008CA740 /* xd_12.jpg in Resources */,
				5E690B6020CFD215008CA740 /* xd_06.jpg in Resources */,
				5E690B6320CFD215008CA740 /* xd_01.jpg in Resources */,
				5E690B5820CFD215008CA740 /* xd_09.jpg in Resources */,
				5E690B5620CFD215008CA740 /* all.jpg in Resources */,
				5ED9D5CE20CD218700786B8F /* Assets.xcassets in Resources */,
				5ED9D5CC20CD218600786B8F /* Main.storyboard in Resources */,
				5E690B5B20CFD215008CA740 /* xd_05.jpg in Resources */,
				5E690B5A20CFD215008CA740 /* xd_04.jpg in Resources */,
			);
			runOnlyForDeploymentPostprocessing = 0;
		};
/* End PBXResourcesBuildPhase section */

/* Begin PBXSourcesBuildPhase section */
		5ED9D5BF20CD218600786B8F /* Sources */ = {
			isa = PBXSourcesBuildPhase;
			buildActionMask = 2147483647;
			files = (
				5E690B6520CFD569008CA740 /* AllXueDaoViewController.swift in Sources */,
				5ED9D5D920CD234A00786B8F /* XueDaoListTableViewController.swift in Sources */,
				5E690B4620CFC16E008CA740 /* SymptomListTableViewController.swift in Sources */,
				5ED9D5C920CD218600786B8F /* ViewController.swift in Sources */,
				5ED9D5E220CD3B1400786B8F /* FaceViewController.swift in Sources */,
				5ED9D5DD20CD2FFF00786B8F /* XueDaoDetailViewController.swift in Sources */,
				5ED9D5C720CD218600786B8F /* AppDelegate.swift in Sources */,
			);
			runOnlyForDeploymentPostprocessing = 0;
		};
/* End PBXSourcesBuildPhase section */

/* Begin PBXVariantGroup section */
		5ED9D5CA20CD218600786B8F /* Main.storyboard */ = {
			isa = PBXVariantGroup;
			children = (
				5ED9D5CB20CD218600786B8F /* Base */,
			);
			name = Main.storyboard;
			sourceTree = "<group>";
		};
		5ED9D5CF20CD218700786B8F /* LaunchScreen.storyboard */ = {
			isa = PBXVariantGroup;
			children = (
				5ED9D5D020CD218700786B8F /* Base */,
			);
			name = LaunchScreen.storyboard;
			sourceTree = "<group>";
		};
/* End PBXVariantGroup section */

/* Begin XCBuildConfiguration section */
		5ED9D5D320CD218700786B8F /* Debug */ = {
			isa = XCBuildConfiguration;
			buildSettings = {
				ALWAYS_SEARCH_USER_PATHS = NO;
				CLANG_ANALYZER_NONNULL = YES;
				CLANG_ANALYZER_NUMBER_OBJECT_CONVERSION = YES_AGGRESSIVE;
				CLANG_CXX_LANGUAGE_STANDARD = "gnu++14";
				CLANG_CXX_LIBRARY = "libc++";
				CLANG_ENABLE_MODULES = YES;
				CLANG_ENABLE_OBJC_ARC = YES;
				CLANG_ENABLE_OBJC_WEAK = YES;
				CLANG_WARN_BLOCK_CAPTURE_AUTORELEASING = YES;
				CLANG_WARN_BOOL_CONVERSION = YES;
				CLANG_WARN_COMMA = YES;
				CLANG_WARN_CONSTANT_CONVERSION = YES;
				CLANG_WARN_DEPRECATED_OBJC_IMPLEMENTATIONS = YES;
				CLANG_WARN_DIRECT_OBJC_ISA_USAGE = YES_ERROR;
				CLANG_WARN_DOCUMENTATION_COMMENTS = YES;
				CLANG_WARN_EMPTY_BODY = YES;
				CLANG_WARN_ENUM_CONVERSION = YES;
				CLANG_WARN_INFINITE_RECURSION = YES;
				CLANG_WARN_INT_CONVERSION = YES;
				CLANG_WARN_NON_LITERAL_NULL_CONVERSION = YES;
				CLANG_WARN_OBJC_IMPLICIT_RETAIN_SELF = YES;
				CLANG_WARN_OBJC_LITERAL_CONVERSION = YES;
				CLANG_WARN_OBJC_ROOT_CLASS = YES_ERROR;
				CLANG_WARN_RANGE_LOOP_ANALYSIS = YES;
				CLANG_WARN_STRICT_PROTOTYPES = YES;
				CLANG_WARN_SUSPICIOUS_MOVE = YES;
				CLANG_WARN_UNGUARDED_AVAILABILITY = YES_AGGRESSIVE;
				CLANG_WARN_UNREACHABLE_CODE = YES;
				CLANG_WARN__DUPLICATE_METHOD_MATCH = YES;
				CODE_SIGN_IDENTITY = "iPhone Developer";
				COPY_PHASE_STRIP = NO;
				DEBUG_INFORMATION_FORMAT = dwarf;
				ENABLE_STRICT_OBJC_MSGSEND = YES;
				ENABLE_TESTABILITY = YES;
				GCC_C_LANGUAGE_STANDARD = gnu11;
				GCC_DYNAMIC_NO_PIC = NO;
				GCC_NO_COMMON_BLOCKS = YES;
				GCC_OPTIMIZATION_LEVEL = 0;
				GCC_PREPROCESSOR_DEFINITIONS = (
					"DEBUG=1",
					"$(inherited)",
				);
				GCC_WARN_64_TO_32_BIT_CONVERSION = YES;
				GCC_WARN_ABOUT_RETURN_TYPE = YES_ERROR;
				GCC_WARN_UNDECLARED_SELECTOR = YES;
				GCC_WARN_UNINITIALIZED_AUTOS = YES_AGGRESSIVE;
				GCC_WARN_UNUSED_FUNCTION = YES;
				GCC_WARN_UNUSED_VARIABLE = YES;
				IPHONEOS_DEPLOYMENT_TARGET = 11.4;
				MTL_ENABLE_DEBUG_INFO = YES;
				ONLY_ACTIVE_ARCH = YES;
				SDKROOT = iphoneos;
				SWIFT_ACTIVE_COMPILATION_CONDITIONS = DEBUG;
				SWIFT_OPTIMIZATION_LEVEL = "-Onone";
			};
			name = Debug;
		};
		5ED9D5D420CD218700786B8F /* Release */ = {
			isa = XCBuildConfiguration;
			buildSettings = {
				ALWAYS_SEARCH_USER_PATHS = NO;
				CLANG_ANALYZER_NONNULL = YES;
				CLANG_ANALYZER_NUMBER_OBJECT_CONVERSION = YES_AGGRESSIVE;
				CLANG_CXX_LANGUAGE_STANDARD = "gnu++14";
				CLANG_CXX_LIBRARY = "libc++";
				CLANG_ENABLE_MODULES = YES;
				CLANG_ENABLE_OBJC_ARC = YES;
				CLANG_ENABLE_OBJC_WEAK = YES;
				CLANG_WARN_BLOCK_CAPTURE_AUTORELEASING = YES;
				CLANG_WARN_BOOL_CONVERSION = YES;
				CLANG_WARN_COMMA = YES;
				CLANG_WARN_CONSTANT_CONVERSION = YES;
				CLANG_WARN_DEPRECATED_OBJC_IMPLEMENTATIONS = YES;
				CLANG_WARN_DIRECT_OBJC_ISA_USAGE = YES_ERROR;
				CLANG_WARN_DOCUMENTATION_COMMENTS = YES;
				CLANG_WARN_EMPTY_BODY = YES;
				CLANG_WARN_ENUM_CONVERSION = YES;
				CLANG_WARN_INFINITE_RECURSION = YES;
				CLANG_WARN_INT_CONVERSION = YES;
				CLANG_WARN_NON_LITERAL_NULL_CONVERSION = YES;
				CLANG_WARN_OBJC_IMPLICIT_RETAIN_SELF = YES;
				CLANG_WARN_OBJC_LITERAL_CONVERSION = YES;
				CLANG_WARN_OBJC_ROOT_CLASS = YES_ERROR;
				CLANG_WARN_RANGE_LOOP_ANALYSIS = YES;
				CLANG_WARN_STRICT_PROTOTYPES = YES;
				CLANG_WARN_SUSPICIOUS_MOVE = YES;
				CLANG_WARN_UNGUARDED_AVAILABILITY = YES_AGGRESSIVE;
				CLANG_WARN_UNREACHABLE_CODE = YES;
				CLANG_WARN__DUPLICATE_METHOD_MATCH = YES;
				CODE_SIGN_IDENTITY = "iPhone Developer";
				COPY_PHASE_STRIP = NO;
				DEBUG_INFORMATION_FORMAT = "dwarf-with-dsym";
				ENABLE_NS_ASSERTIONS = NO;
				ENABLE_STRICT_OBJC_MSGSEND = YES;
				GCC_C_LANGUAGE_STANDARD = gnu11;
				GCC_NO_COMMON_BLOCKS = YES;
				GCC_WARN_64_TO_32_BIT_CONVERSION = YES;
				GCC_WARN_ABOUT_RETURN_TYPE = YES_ERROR;
				GCC_WARN_UNDECLARED_SELECTOR = YES;
				GCC_WARN_UNINITIALIZED_AUTOS = YES_AGGRESSIVE;
				GCC_WARN_UNUSED_FUNCTION = YES;
				GCC_WARN_UNUSED_VARIABLE = YES;
				IPHONEOS_DEPLOYMENT_TARGET = 11.4;
				MTL_ENABLE_DEBUG_INFO = NO;
				SDKROOT = iphoneos;
				SWIFT_COMPILATION_MODE = wholemodule;
				SWIFT_OPTIMIZATION_LEVEL = "-O";
				VALIDATE_PRODUCT = YES;
			};
			name = Release;
		};
		5ED9D5D620CD218700786B8F /* Debug */ = {
			isa = XCBuildConfiguration;
			buildSettings = {
				ASSETCATALOG_COMPILER_APPICON_NAME = AppIcon;
				CODE_SIGN_STYLE = Automatic;
				DEVELOPMENT_TEAM = W5HZ5NRXD4;
				INFOPLIST_FILE = XueDaoCare/Info.plist;
				IPHONEOS_DEPLOYMENT_TARGET = 11.0;
				LD_RUNPATH_SEARCH_PATHS = (
					"$(inherited)",
					"@executable_path/Frameworks",
				);
				PRODUCT_BUNDLE_IDENTIFIER = tw.com.goldrock.XueDaoCare;
				PRODUCT_NAME = "$(TARGET_NAME)";
				SWIFT_VERSION = 4.0;
				TARGETED_DEVICE_FAMILY = "1,2";
			};
			name = Debug;
		};
		5ED9D5D720CD218700786B8F /* Release */ = {
			isa = XCBuildConfiguration;
			buildSettings = {
				ASSETCATALOG_COMPILER_APPICON_NAME = AppIcon;
				CODE_SIGN_STYLE = Automatic;
				DEVELOPMENT_TEAM = W5HZ5NRXD4;
				INFOPLIST_FILE = XueDaoCare/Info.plist;
				IPHONEOS_DEPLOYMENT_TARGET = 11.0;
				LD_RUNPATH_SEARCH_PATHS = (
					"$(inherited)",
					"@executable_path/Frameworks",
				);
				PRODUCT_BUNDLE_IDENTIFIER = tw.com.goldrock.XueDaoCare;
				PRODUCT_NAME = "$(TARGET_NAME)";
				SWIFT_VERSION = 4.0;
				TARGETED_DEVICE_FAMILY = "1,2";
			};
			name = Release;
		};
/* End XCBuildConfiguration section */

/* Begin XCConfigurationList section */
		5ED9D5BE20CD218600786B8F /* Build configuration list for PBXProject "XueDaoCare" */ = {
			isa = XCConfigurationList;
			buildConfigurations = (
				5ED9D5D320CD218700786B8F /* Debug */,
				5ED9D5D420CD218700786B8F /* Release */,
			);
			defaultConfigurationIsVisible = 0;
			defaultConfigurationName = Release;
		};
		5ED9D5D520CD218700786B8F /* Build configuration list for PBXNativeTarget "XueDaoCare" */ = {
			isa = XCConfigurationList;
			buildConfigurations = (
				5ED9D5D620CD218700786B8F /* Debug */,
				5ED9D5D720CD218700786B8F /* Release */,
			);
			defaultConfigurationIsVisible = 0;
			defaultConfigurationName = Release;
		};
/* End XCConfigurationList section */
	};
	rootObject = 5ED9D5BB20CD218600786B8F /* Project object */;
}
